{
  "object": {
    "pins": [
      {
        "package": "CoreXLSX",
        "repositoryURL": "https://github.com/CoreOffice/CoreXLSX.git",
        "state": {
          "branch": null,
          "revision": "7f5df3c8c8b2b43dc80ddba8b7c4fbd86979e713",
          "version": "0.14.0"
        }
      },
      {
        "package": "DateBuilder",
        "repositoryURL": "https://github.com/nicephoton/DateBuilder.git",
        "state": {
          "branch": null,
          "revision": "69e57ecbfcea2ae863e8dd74ead60399321407f5",
          "version": "0.0.5"
        }
      },
      {
        "package": "XMLCoder",
        "repositoryURL": "https://github.com/maxdesiatov/XMLCoder.git",
        "state": {
          "branch": null,
          "revision": "ac411bd6ab342780be0dfe6f679410f791d751d9",
          "version": "0.11.1"
        }
      },
      {
        "package": "ZIPFoundation",
        "repositoryURL": "https://github.com/weichsel/ZIPFoundation.git",
        "state": {
          "branch": null,
          "revision": "cf10bbff6ac3b873e97b36b9784c79866a051a8e",
          "version": "0.9.12"
        }
      }
    ]
  },
  "version": 1
}
