// !$*UTF8*$!
{
	archiveVersion = 1;
	classes = {
	};
	objectVersion = 52;
	objects = {

/* Begin PBXBuildFile section */
		AA893F8C25D449EF0021B81B /* CoreXLSX in Frameworks */ = {isa = PBXBuildFile; productRef = AA893F8B25D449EF0021B81B /* CoreXLSX */; };
		AAF4020D25D0872C00FA3572 /* main.swift in Sources */ = {isa = PBXBuildFile; fileRef = AAF4020C25D0872C00FA3572 /* main.swift */; };
		AAF4021625D08ADB00FA3572 /* JulianDate.swift in Sources */ = {isa = PBXBuildFile; fileRef = AAF4021425D08ADB00FA3572 /* JulianDate.swift */; };
		AAF4021725D08ADB00FA3572 /* testClass.swift in Sources */ = {isa = PBXBuildFile; fileRef = AAF4021525D08ADB00FA3572 /* testClass.swift */; };
		AAF4021B25D08B2500FA3572 /* DateBuilder in Frameworks */ = {isa = PBXBuildFile; productRef = AAF4021A25D08B2500FA3572 /* DateBuilder */; };
/* End PBXBuildFile section */

/* Begin PBXCopyFilesBuildPhase section */
		AAF4020725D0872C00FA3572 /* CopyFiles */ = {
			isa = PBXCopyFilesBuildPhase;
			buildActionMask = 2147483647;
			dstPath = /usr/share/man/man1/;
			dstSubfolderSpec = 0;
			files = (
			);
			runOnlyForDeploymentPostprocessing = 1;
		};
/* End PBXCopyFilesBuildPhase section */

/* Begin PBXFileReference section */
		AAF4020925D0872C00FA3572 /* Terminal Example 3 */ = {isa = PBXFileReference; explicitFileType = "compiled.mach-o.executable"; includeInIndex = 0; path = "Terminal Example 3"; sourceTree = BUILT_PRODUCTS_DIR; };
		AAF4020C25D0872C00FA3572 /* main.swift */ = {isa = PBXFileReference; lastKnownFileType = sourcecode.swift; path = main.swift; sourceTree = "<group>"; };
		AAF4021425D08ADB00FA3572 /* JulianDate.swift */ = {isa = PBXFileReference; fileEncoding = 4; lastKnownFileType = sourcecode.swift; path = JulianDate.swift; sourceTree = "<group>"; };
		AAF4021525D08ADB00FA3572 /* testClass.swift */ = {isa = PBXFileReference; fileEncoding = 4; lastKnownFileType = sourcecode.swift; path = testClass.swift; sourceTree = "<group>"; };
/* End PBXFileReference section */

/* Begin PBXFrameworksBuildPhase section */
		AAF4020625D0872C00FA3572 /* Frameworks */ = {
			isa = PBXFrameworksBuildPhase;
			buildActionMask = 2147483647;
			files = (
				AA893F8C25D449EF0021B81B /* CoreXLSX in Frameworks */,
				AAF4021B25D08B2500FA3572 /* DateBuilder in Frameworks */,
			);
			runOnlyForDeploymentPostprocessing = 0;
		};
/* End PBXFrameworksBuildPhase section */

/* Begin PBXGroup section */
		AAF4020025D0872C00FA3572 = {
			isa = PBXGroup;
			children = (
				AAF4020B25D0872C00FA3572 /* Terminal Example 3 */,
				AAF4020A25D0872C00FA3572 /* Products */,
			);
			sourceTree = "<group>";
		};
		AAF4020A25D0872C00FA3572 /* Products */ = {
			isa = PBXGroup;
			children = (
				AAF4020925D0872C00FA3572 /* Terminal Example 3 */,
			);
			name = Products;
			sourceTree = "<group>";
		};
		AAF4020B25D0872C00FA3572 /* Terminal Example 3 */ = {
			isa = PBXGroup;
			children = (
				AAF4020C25D0872C00FA3572 /* main.swift */,
				AAF4021425D08ADB00FA3572 /* JulianDate.swift */,
				AAF4021525D08ADB00FA3572 /* testClass.swift */,
			);
			path = "Terminal Example 3";
			sourceTree = "<group>";
		};
/* End PBXGroup section */

/* Begin PBXNativeTarget section */
		AAF4020825D0872C00FA3572 /* Terminal Example 3 */ = {
			isa = PBXNativeTarget;
			buildConfigurationList = AAF4021025D0872C00FA3572 /* Build configuration list for PBXNativeTarget "Terminal Example 3" */;
			buildPhases = (
				AAF4020525D0872C00FA3572 /* Sources */,
				AAF4020625D0872C00FA3572 /* Frameworks */,
				AAF4020725D0872C00FA3572 /* CopyFiles */,
			);
			buildRules = (
			);
			dependencies = (
			);
			name = "Terminal Example 3";
			packageProductDependencies = (
				AAF4021A25D08B2500FA3572 /* DateBuilder */,
				AA893F8B25D449EF0021B81B /* CoreXLSX */,
			);
			productName = "Terminal Example 3";
			productReference = AAF4020925D0872C00FA3572 /* Terminal Example 3 */;
			productType = "com.apple.product-type.tool";
		};
/* End PBXNativeTarget section */

/* Begin PBXProject section */
		AAF4020125D0872C00FA3572 /* Project object */ = {
			isa = PBXProject;
			attributes = {
				LastSwiftUpdateCheck = 1240;
				LastUpgradeCheck = 1240;
				TargetAttributes = {
					AAF4020825D0872C00FA3572 = {
						CreatedOnToolsVersion = 12.4;
					};
				};
			};
			buildConfigurationList = AAF4020425D0872C00FA3572 /* Build configuration list for PBXProject "Terminal Example 3" */;
			compatibilityVersion = "Xcode 9.3";
			developmentRegion = en;
			hasScannedForEncodings = 0;
			knownRegions = (
				en,
				Base,
			);
			mainGroup = AAF4020025D0872C00FA3572;
			packageReferences = (
				AAF4021925D08B2500FA3572 /* XCRemoteSwiftPackageReference "DateBuilder" */,
				AA893F8A25D449EE0021B81B /* XCRemoteSwiftPackageReference "CoreXLSX" */,
			);
			productRefGroup = AAF4020A25D0872C00FA3572 /* Products */;
			projectDirPath = "";
			projectRoot = "";
			targets = (
				AAF4020825D0872C00FA3572 /* Terminal Example 3 */,
			);
		};
/* End PBXProject section */

/* Begin PBXSourcesBuildPhase section */
		AAF4020525D0872C00FA3572 /* Sources */ = {
			isa = PBXSourcesBuildPhase;
			buildActionMask = 2147483647;
			files = (
				AAF4021625D08ADB00FA3572 /* JulianDate.swift in Sources */,
				AAF4021725D08ADB00FA3572 /* testClass.swift in Sources */,
				AAF4020D25D0872C00FA3572 /* main.swift in Sources */,
			);
			runOnlyForDeploymentPostprocessing = 0;
		};
/* End PBXSourcesBuildPhase section */

/* Begin XCBuildConfiguration section */
		AAF4020E25D0872C00FA3572 /* Debug */ = {
			isa = XCBuildConfiguration;
			buildSettings = {
				ALWAYS_SEARCH_USER_PATHS = NO;
				CLANG_ANALYZER_NONNULL = YES;
				CLANG_ANALYZER_NUMBER_OBJECT_CONVERSION = YES_AGGRESSIVE;
				CLANG_CXX_LANGUAGE_STANDARD = "gnu++14";
				CLANG_CXX_LIBRARY = "libc++";
				CLANG_ENABLE_MODULES = YES;
				CLANG_ENABLE_OBJC_ARC = YES;
				CLANG_ENABLE_OBJC_WEAK = YES;
				CLANG_WARN_BLOCK_CAPTURE_AUTORELEASING = YES;
				CLANG_WARN_BOOL_CONVERSION = YES;
				CLANG_WARN_COMMA = YES;
				CLANG_WARN_CONSTANT_CONVERSION = YES;
				CLANG_WARN_DEPRECATED_OBJC_IMPLEMENTATIONS = YES;
				CLANG_WARN_DIRECT_OBJC_ISA_USAGE = YES_ERROR;
				CLANG_WARN_DOCUMENTATION_COMMENTS = YES;
				CLANG_WARN_EMPTY_BODY = YES;
				CLANG_WARN_ENUM_CONVERSION = YES;
				CLANG_WARN_INFINITE_RECURSION = YES;
				CLANG_WARN_INT_CONVERSION = YES;
				CLANG_WARN_NON_LITERAL_NULL_CONVERSION = YES;
				CLANG_WARN_OBJC_IMPLICIT_RETAIN_SELF = YES;
				CLANG_WARN_OBJC_LITERAL_CONVERSION = YES;
				CLANG_WARN_OBJC_ROOT_CLASS = YES_ERROR;
				CLANG_WARN_QUOTED_INCLUDE_IN_FRAMEWORK_HEADER = YES;
				CLANG_WARN_RANGE_LOOP_ANALYSIS = YES;
				CLANG_WARN_STRICT_PROTOTYPES = YES;
				CLANG_WARN_SUSPICIOUS_MOVE = YES;
				CLANG_WARN_UNGUARDED_AVAILABILITY = YES_AGGRESSIVE;
				CLANG_WARN_UNREACHABLE_CODE = YES;
				CLANG_WARN__DUPLICATE_METHOD_MATCH = YES;
				COPY_PHASE_STRIP = NO;
				DEBUG_INFORMATION_FORMAT = dwarf;
				ENABLE_STRICT_OBJC_MSGSEND = YES;
				ENABLE_TESTABILITY = YES;
				GCC_C_LANGUAGE_STANDARD = gnu11;
				GCC_DYNAMIC_NO_PIC = NO;
				GCC_NO_COMMON_BLOCKS = YES;
				GCC_OPTIMIZATION_LEVEL = 0;
				GCC_PREPROCESSOR_DEFINITIONS = (
					"DEBUG=1",
					"$(inherited)",
				);
				GCC_WARN_64_TO_32_BIT_CONVERSION = YES;
				GCC_WARN_ABOUT_RETURN_TYPE = YES_ERROR;
				GCC_WARN_UNDECLARED_SELECTOR = YES;
				GCC_WARN_UNINITIALIZED_AUTOS = YES_AGGRESSIVE;
				GCC_WARN_UNUSED_FUNCTION = YES;
				GCC_WARN_UNUSED_VARIABLE = YES;
				MACOSX_DEPLOYMENT_TARGET = 11.1;
				MTL_ENABLE_DEBUG_INFO = INCLUDE_SOURCE;
				MTL_FAST_MATH = YES;
				ONLY_ACTIVE_ARCH = YES;
				SDKROOT = macosx;
				SWIFT_ACTIVE_COMPILATION_CONDITIONS = DEBUG;
				SWIFT_OPTIMIZATION_LEVEL = "-Onone";
			};
			name = Debug;
		};
		AAF4020F25D0872C00FA3572 /* Release */ = {
			isa = XCBuildConfiguration;
			buildSettings = {
				ALWAYS_SEARCH_USER_PATHS = NO;
				CLANG_ANALYZER_NONNULL = YES;
				CLANG_ANALYZER_NUMBER_OBJECT_CONVERSION = YES_AGGRESSIVE;
				CLANG_CXX_LANGUAGE_STANDARD = "gnu++14";
				CLANG_CXX_LIBRARY = "libc++";
				CLANG_ENABLE_MODULES = YES;
				CLANG_ENABLE_OBJC_ARC = YES;
				CLANG_ENABLE_OBJC_WEAK = YES;
				CLANG_WARN_BLOCK_CAPTURE_AUTORELEASING = YES;
				CLANG_WARN_BOOL_CONVERSION = YES;
				CLANG_WARN_COMMA = YES;
				CLANG_WARN_CONSTANT_CONVERSION = YES;
				CLANG_WARN_DEPRECATED_OBJC_IMPLEMENTATIONS = YES;
				CLANG_WARN_DIRECT_OBJC_ISA_USAGE = YES_ERROR;
				CLANG_WARN_DOCUMENTATION_COMMENTS = YES;
				CLANG_WARN_EMPTY_BODY = YES;
				CLANG_WARN_ENUM_CONVERSION = YES;
				CLANG_WARN_INFINITE_RECURSION = YES;
				CLANG_WARN_INT_CONVERSION = YES;
				CLANG_WARN_NON_LITERAL_NULL_CONVERSION = YES;
				CLANG_WARN_OBJC_IMPLICIT_RETAIN_SELF = YES;
				CLANG_WARN_OBJC_LITERAL_CONVERSION = YES;
				CLANG_WARN_OBJC_ROOT_CLASS = YES_ERROR;
				CLANG_WARN_QUOTED_INCLUDE_IN_FRAMEWORK_HEADER = YES;
				CLANG_WARN_RANGE_LOOP_ANALYSIS = YES;
				CLANG_WARN_STRICT_PROTOTYPES = YES;
				CLANG_WARN_SUSPICIOUS_MOVE = YES;
				CLANG_WARN_UNGUARDED_AVAILABILITY = YES_AGGRESSIVE;
				CLANG_WARN_UNREACHABLE_CODE = YES;
				CLANG_WARN__DUPLICATE_METHOD_MATCH = YES;
				COPY_PHASE_STRIP = NO;
				DEBUG_INFORMATION_FORMAT = "dwarf-with-dsym";
				ENABLE_NS_ASSERTIONS = NO;
				ENABLE_STRICT_OBJC_MSGSEND = YES;
				GCC_C_LANGUAGE_STANDARD = gnu11;
				GCC_NO_COMMON_BLOCKS = YES;
				GCC_WARN_64_TO_32_BIT_CONVERSION = YES;
				GCC_WARN_ABOUT_RETURN_TYPE = YES_ERROR;
				GCC_WARN_UNDECLARED_SELECTOR = YES;
				GCC_WARN_UNINITIALIZED_AUTOS = YES_AGGRESSIVE;
				GCC_WARN_UNUSED_FUNCTION = YES;
				GCC_WARN_UNUSED_VARIABLE = YES;
				MACOSX_DEPLOYMENT_TARGET = 11.1;
				MTL_ENABLE_DEBUG_INFO = NO;
				MTL_FAST_MATH = YES;
				SDKROOT = macosx;
				SWIFT_COMPILATION_MODE = wholemodule;
				SWIFT_OPTIMIZATION_LEVEL = "-O";
			};
			name = Release;
		};
		AAF4021125D0872C00FA3572 /* Debug */ = {
			isa = XCBuildConfiguration;
			buildSettings = {
				CODE_SIGN_STYLE = Automatic;
				PRODUCT_NAME = "$(TARGET_NAME)";
				SWIFT_VERSION = 5.0;
			};
			name = Debug;
		};
		AAF4021225D0872C00FA3572 /* Release */ = {
			isa = XCBuildConfiguration;
			buildSettings = {
				CODE_SIGN_STYLE = Automatic;
				PRODUCT_NAME = "$(TARGET_NAME)";
				SWIFT_VERSION = 5.0;
			};
			name = Release;
		};
/* End XCBuildConfiguration section */

/* Begin XCConfigurationList section */
		AAF4020425D0872C00FA3572 /* Build configuration list for PBXProject "Terminal Example 3" */ = {
			isa = XCConfigurationList;
			buildConfigurations = (
				AAF4020E25D0872C00FA3572 /* Debug */,
				AAF4020F25D0872C00FA3572 /* Release */,
			);
			defaultConfigurationIsVisible = 0;
			defaultConfigurationName = Release;
		};
		AAF4021025D0872C00FA3572 /* Build configuration list for PBXNativeTarget "Terminal Example 3" */ = {
			isa = XCConfigurationList;
			buildConfigurations = (
				AAF4021125D0872C00FA3572 /* Debug */,
				AAF4021225D0872C00FA3572 /* Release */,
			);
			defaultConfigurationIsVisible = 0;
			defaultConfigurationName = Release;
		};
/* End XCConfigurationList section */

/* Begin XCRemoteSwiftPackageReference section */
		AA893F8A25D449EE0021B81B /* XCRemoteSwiftPackageReference "CoreXLSX" */ = {
			isa = XCRemoteSwiftPackageReference;
			repositoryURL = "https://github.com/CoreOffice/CoreXLSX.git";
			requirement = {
				kind = upToNextMajorVersion;
				minimumVersion = 0.14.0;
			};
		};
		AAF4021925D08B2500FA3572 /* XCRemoteSwiftPackageReference "DateBuilder" */ = {
			isa = XCRemoteSwiftPackageReference;
			repositoryURL = "https://github.com/nicephoton/DateBuilder.git";
			requirement = {
				kind = upToNextMajorVersion;
				minimumVersion = 0.0.3;
			};
		};
/* End XCRemoteSwiftPackageReference section */

/* Begin XCSwiftPackageProductDependency section */
		AA893F8B25D449EF0021B81B /* CoreXLSX */ = {
			isa = XCSwiftPackageProductDependency;
			package = AA893F8A25D449EE0021B81B /* XCRemoteSwiftPackageReference "CoreXLSX" */;
			productName = CoreXLSX;
		};
		AAF4021A25D08B2500FA3572 /* DateBuilder */ = {
			isa = XCSwiftPackageProductDependency;
			package = AAF4021925D08B2500FA3572 /* XCRemoteSwiftPackageReference "DateBuilder" */;
			productName = DateBuilder;
		};
/* End XCSwiftPackageProductDependency section */
	};
	rootObject = AAF4020125D0872C00FA3572 /* Project object */;
}
